PODS:
  - Alamofire (4.6.0)
  - CocoaLumberjack (3.7.4):
    - CocoaLumberjack/Core (= 3.7.4)
  - CocoaLumberjack/Core (3.7.4)
  - Fabric (1.10.2)

DEPENDENCIES:
  - Alamofire (= 4.6.0)
  - CocoaLumberjack (~> 3.4)
  - Fabric

SPEC REPOS:
  trunk:
    - Alamofire
    - CocoaLumberjack
    - Fabric

SPEC CHECKSUMS:
  Alamofire: f41a599bd63041760b26d393ec1069d9d7b917f4
  CocoaLumberjack: 543c79c114dadc3b1aba95641d8738b06b05b646
  Fabric: ea977e3cd9c20425516d3dafd3bf8c941c51223f

PODFILE CHECKSUM: d12fbb6981dc4221758d435293688a993d8e9a45

COCOAPODS: 1.14.2
